
Microsoft Visual Studio Solution File, Format Version 12.00
# Visual Studio Version 17
VisualStudioVersion = 17.2.32616.157
MinimumVisualStudioVersion = 10.0.40219.1
Project("{FAE04EC0-301F-11D3-BF4B-00C04F79EFBC}") = "encapsulamento", "encapsulamento\encapsulamento.csproj", "{2FAE06E9-625B-4322-874C-FD174F2D4CA2}"
EndProject
Project("{FAE04EC0-301F-11D3-BF4B-00C04F79EFBC}") = "retangulo", "retangulo\retangulo.csproj", "{9B65625B-DC9D-4B98-9EDF-DE2CD1836AB1}"
EndProject
Global
	GlobalSection(SolutionConfigurationPlatforms) = preSolution
		Debug|Any CPU = Debug|Any CPU
		Release|Any CPU = Release|Any CPU
	EndGlobalSection
	GlobalSection(ProjectConfigurationPlatforms) = postSolution
		{2FAE06E9-625B-4322-874C-FD174F2D4CA2}.Debug|Any CPU.ActiveCfg = Debug|Any CPU
		{2FAE06E9-625B-4322-874C-FD174F2D4CA2}.Debug|Any CPU.Build.0 = Debug|Any CPU
		{2FAE06E9-625B-4322-874C-FD174F2D4CA2}.Release|Any CPU.ActiveCfg = Release|Any CPU
		{2FAE06E9-625B-4322-874C-FD174F2D4CA2}.Release|Any CPU.Build.0 = Release|Any CPU
		{9B65625B-DC9D-4B98-9EDF-DE2CD1836AB1}.Debug|Any CPU.ActiveCfg = Debug|Any CPU
		{9B65625B-DC9D-4B98-9EDF-DE2CD1836AB1}.Debug|Any CPU.Build.0 = Debug|Any CPU
		{9B65625B-DC9D-4B98-9EDF-DE2CD1836AB1}.Release|Any CPU.ActiveCfg = Release|Any CPU
		{9B65625B-DC9D-4B98-9EDF-DE2CD1836AB1}.Release|Any CPU.Build.0 = Release|Any CPU
	EndGlobalSection
	GlobalSection(SolutionProperties) = preSolution
		HideSolutionNode = FALSE
	EndGlobalSection
	GlobalSection(ExtensibilityGlobals) = postSolution
		SolutionGuid = {E95BD8C6-ADF7-4A8E-BA7F-3A691BCD9B82}
	EndGlobalSection
EndGlobal
